
Microsoft Visual Studio Solution File, Format Version 12.00
# Visual Studio Version 16
VisualStudioVersion = 16.0.30523.141
MinimumVisualStudioVersion = 10.0.40219.1
Project("{9A19103F-16F7-4668-BE54-9A1E7A4F7556}") = "Rent a Car", "Rent a Car\Rent a Car.csproj", "{6E194E10-F049-435B-9ED5-74F0F52CCBDF}"
EndProject
Project("{FAE04EC0-301F-11D3-BF4B-00C04F79EFBC}") = "RentACar.Dal", "RentACar.Dal\RentACar.Dal.csproj", "{E74561EE-3275-44C9-896F-039F5C41400C}"
EndProject
Project("{FAE04EC0-301F-11D3-BF4B-00C04F79EFBC}") = "RentACar.Repositories", "RentACar.Repositories\RentACar.Repositories.csproj", "{609482D1-1B6B-47C6-895A-3B78000E4AFF}"
EndProject
Global
	GlobalSection(SolutionConfigurationPlatforms) = preSolution
		Debug|Any CPU = Debug|Any CPU
		Release|Any CPU = Release|Any CPU
	EndGlobalSection
	GlobalSection(ProjectConfigurationPlatforms) = postSolution
		{6E194E10-F049-435B-9ED5-74F0F52CCBDF}.Debug|Any CPU.ActiveCfg = Debug|Any CPU
		{6E194E10-F049-435B-9ED5-74F0F52CCBDF}.Debug|Any CPU.Build.0 = Debug|Any CPU
		{6E194E10-F049-435B-9ED5-74F0F52CCBDF}.Release|Any CPU.ActiveCfg = Release|Any CPU
		{6E194E10-F049-435B-9ED5-74F0F52CCBDF}.Release|Any CPU.Build.0 = Release|Any CPU
		{E74561EE-3275-44C9-896F-039F5C41400C}.Debug|Any CPU.ActiveCfg = Debug|Any CPU
		{E74561EE-3275-44C9-896F-039F5C41400C}.Debug|Any CPU.Build.0 = Debug|Any CPU
		{E74561EE-3275-44C9-896F-039F5C41400C}.Release|Any CPU.ActiveCfg = Release|Any CPU
		{E74561EE-3275-44C9-896F-039F5C41400C}.Release|Any CPU.Build.0 = Release|Any CPU
		{609482D1-1B6B-47C6-895A-3B78000E4AFF}.Debug|Any CPU.ActiveCfg = Debug|Any CPU
		{609482D1-1B6B-47C6-895A-3B78000E4AFF}.Debug|Any CPU.Build.0 = Debug|Any CPU
		{609482D1-1B6B-47C6-895A-3B78000E4AFF}.Release|Any CPU.ActiveCfg = Release|Any CPU
		{609482D1-1B6B-47C6-895A-3B78000E4AFF}.Release|Any CPU.Build.0 = Release|Any CPU
	EndGlobalSection
	GlobalSection(SolutionProperties) = preSolution
		HideSolutionNode = FALSE
	EndGlobalSection
	GlobalSection(ExtensibilityGlobals) = postSolution
		SolutionGuid = {503C03A9-CEB4-4D81-B5A2-601D384E50CA}
	EndGlobalSection
EndGlobal
